// !$*UTF8*$!
{
	archiveVersion = 1;
	classes = {
	};
	objectVersion = 46;
	objects = {

/* Begin PBXBuildFile section */
		4D7CA3802C7231B89721C1BE /* libPods-MBProgressHUD+ZCTests.a in Frameworks */ = {isa = PBXBuildFile; fileRef = 7FAAF3029CC5C0DEF517CA6F /* libPods-MBProgressHUD+ZCTests.a */; };
		55E1D9D0094F2183E0FCF492 /* libPods-MBProgressHUD+ZC.a in Frameworks */ = {isa = PBXBuildFile; fileRef = DA4ABB6917A072E15C8ECA35 /* libPods-MBProgressHUD+ZC.a */; };
		966AAA3A19C968190005CB62 /* main.m in Sources */ = {isa = PBXBuildFile; fileRef = 966AAA3919C968190005CB62 /* main.m */; };
		966AAA3D19C968190005CB62 /* AppDelegate.m in Sources */ = {isa = PBXBuildFile; fileRef = 966AAA3C19C968190005CB62 /* AppDelegate.m */; };
		966AAA4019C968190005CB62 /* ViewController.m in Sources */ = {isa = PBXBuildFile; fileRef = 966AAA3F19C968190005CB62 /* ViewController.m */; };
		966AAA4319C968190005CB62 /* Main.storyboard in Resources */ = {isa = PBXBuildFile; fileRef = 966AAA4119C968190005CB62 /* Main.storyboard */; };
		966AAA4519C968190005CB62 /* Images.xcassets in Resources */ = {isa = PBXBuildFile; fileRef = 966AAA4419C968190005CB62 /* Images.xcassets */; };
		966AAA4819C968190005CB62 /* LaunchScreen.xib in Resources */ = {isa = PBXBuildFile; fileRef = 966AAA4619C968190005CB62 /* LaunchScreen.xib */; };
		966AAA5419C968190005CB62 /* MBProgressHUD_ZCTests.m in Sources */ = {isa = PBXBuildFile; fileRef = 966AAA5319C968190005CB62 /* MBProgressHUD_ZCTests.m */; };
		966AAA6319C969050005CB62 /* MBProgressHUD+ZC.m in Sources */ = {isa = PBXBuildFile; fileRef = 966AAA5F19C969050005CB62 /* MBProgressHUD+ZC.m */; };
		966AAA6419C969050005CB62 /* MBProgressHUD.bundle in Resources */ = {isa = PBXBuildFile; fileRef = 966AAA6019C969050005CB62 /* MBProgressHUD.bundle */; };
		966AAA6519C969050005CB62 /* MBProgressHUD.m in Sources */ = {isa = PBXBuildFile; fileRef = 966AAA6219C969050005CB62 /* MBProgressHUD.m */; };
/* End PBXBuildFile section */

/* Begin PBXContainerItemProxy section */
		966AAA4E19C968190005CB62 /* PBXContainerItemProxy */ = {
			isa = PBXContainerItemProxy;
			containerPortal = 966AAA2C19C968190005CB62 /* Project object */;
			proxyType = 1;
			remoteGlobalIDString = 966AAA3319C968190005CB62;
			remoteInfo = "MBProgressHUD+ZC";
		};
/* End PBXContainerItemProxy section */

/* Begin PBXFileReference section */
		17B53852C45F40CD3E61FA44 /* Pods-MBProgressHUD+ZCTests.debug.xcconfig */ = {isa = PBXFileReference; includeInIndex = 1; lastKnownFileType = text.xcconfig; name = "Pods-MBProgressHUD+ZCTests.debug.xcconfig"; path = "Pods/Target Support Files/Pods-MBProgressHUD+ZCTests/Pods-MBProgressHUD+ZCTests.debug.xcconfig"; sourceTree = "<group>"; };
		7F5B8CEC19C94E6A862EA554 /* Pods-MBProgressHUD+ZC.release.xcconfig */ = {isa = PBXFileReference; includeInIndex = 1; lastKnownFileType = text.xcconfig; name = "Pods-MBProgressHUD+ZC.release.xcconfig"; path = "Pods/Target Support Files/Pods-MBProgressHUD+ZC/Pods-MBProgressHUD+ZC.release.xcconfig"; sourceTree = "<group>"; };
		7FAAF3029CC5C0DEF517CA6F /* libPods-MBProgressHUD+ZCTests.a */ = {isa = PBXFileReference; explicitFileType = archive.ar; includeInIndex = 0; path = "libPods-MBProgressHUD+ZCTests.a"; sourceTree = BUILT_PRODUCTS_DIR; };
		966AAA3419C968190005CB62 /* MBProgressHUD+ZC.app */ = {isa = PBXFileReference; explicitFileType = wrapper.application; includeInIndex = 0; path = "MBProgressHUD+ZC.app"; sourceTree = BUILT_PRODUCTS_DIR; };
		966AAA3819C968190005CB62 /* Info.plist */ = {isa = PBXFileReference; lastKnownFileType = text.plist.xml; path = Info.plist; sourceTree = "<group>"; };
		966AAA3919C968190005CB62 /* main.m */ = {isa = PBXFileReference; lastKnownFileType = sourcecode.c.objc; path = main.m; sourceTree = "<group>"; };
		966AAA3B19C968190005CB62 /* AppDelegate.h */ = {isa = PBXFileReference; lastKnownFileType = sourcecode.c.h; path = AppDelegate.h; sourceTree = "<group>"; };
		966AAA3C19C968190005CB62 /* AppDelegate.m */ = {isa = PBXFileReference; lastKnownFileType = sourcecode.c.objc; path = AppDelegate.m; sourceTree = "<group>"; };
		966AAA3E19C968190005CB62 /* ViewController.h */ = {isa = PBXFileReference; lastKnownFileType = sourcecode.c.h; path = ViewController.h; sourceTree = "<group>"; };
		966AAA3F19C968190005CB62 /* ViewController.m */ = {isa = PBXFileReference; lastKnownFileType = sourcecode.c.objc; path = ViewController.m; sourceTree = "<group>"; };
		966AAA4219C968190005CB62 /* Base */ = {isa = PBXFileReference; lastKnownFileType = file.storyboard; name = Base; path = Base.lproj/Main.storyboard; sourceTree = "<group>"; };
		966AAA4419C968190005CB62 /* Images.xcassets */ = {isa = PBXFileReference; lastKnownFileType = folder.assetcatalog; path = Images.xcassets; sourceTree = "<group>"; };
		966AAA4719C968190005CB62 /* Base */ = {isa = PBXFileReference; lastKnownFileType = file.xib; name = Base; path = Base.lproj/LaunchScreen.xib; sourceTree = "<group>"; };
		966AAA4D19C968190005CB62 /* MBProgressHUD+ZCTests.xctest */ = {isa = PBXFileReference; explicitFileType = wrapper.cfbundle; includeInIndex = 0; path = "MBProgressHUD+ZCTests.xctest"; sourceTree = BUILT_PRODUCTS_DIR; };
		966AAA5219C968190005CB62 /* Info.plist */ = {isa = PBXFileReference; lastKnownFileType = text.plist.xml; path = Info.plist; sourceTree = "<group>"; };
		966AAA5319C968190005CB62 /* MBProgressHUD_ZCTests.m */ = {isa = PBXFileReference; lastKnownFileType = sourcecode.c.objc; path = MBProgressHUD_ZCTests.m; sourceTree = "<group>"; };
		966AAA5E19C969050005CB62 /* MBProgressHUD+ZC.h */ = {isa = PBXFileReference; fileEncoding = 4; lastKnownFileType = sourcecode.c.h; path = "MBProgressHUD+ZC.h"; sourceTree = "<group>"; };
		966AAA5F19C969050005CB62 /* MBProgressHUD+ZC.m */ = {isa = PBXFileReference; fileEncoding = 4; lastKnownFileType = sourcecode.c.objc; path = "MBProgressHUD+ZC.m"; sourceTree = "<group>"; };
		966AAA6019C969050005CB62 /* MBProgressHUD.bundle */ = {isa = PBXFileReference; lastKnownFileType = "wrapper.plug-in"; path = MBProgressHUD.bundle; sourceTree = "<group>"; };
		966AAA6119C969050005CB62 /* MBProgressHUD.h */ = {isa = PBXFileReference; fileEncoding = 4; lastKnownFileType = sourcecode.c.h; path = MBProgressHUD.h; sourceTree = "<group>"; };
		966AAA6219C969050005CB62 /* MBProgressHUD.m */ = {isa = PBXFileReference; fileEncoding = 4; lastKnownFileType = sourcecode.c.objc; path = MBProgressHUD.m; sourceTree = "<group>"; };
		AC1D6BEC62D13EA3060E07EB /* Pods-MBProgressHUD+ZC.debug.xcconfig */ = {isa = PBXFileReference; includeInIndex = 1; lastKnownFileType = text.xcconfig; name = "Pods-MBProgressHUD+ZC.debug.xcconfig"; path = "Pods/Target Support Files/Pods-MBProgressHUD+ZC/Pods-MBProgressHUD+ZC.debug.xcconfig"; sourceTree = "<group>"; };
		BFC661C0C206813B723DC19F /* Pods-MBProgressHUD+ZCTests.release.xcconfig */ = {isa = PBXFileReference; includeInIndex = 1; lastKnownFileType = text.xcconfig; name = "Pods-MBProgressHUD+ZCTests.release.xcconfig"; path = "Pods/Target Support Files/Pods-MBProgressHUD+ZCTests/Pods-MBProgressHUD+ZCTests.release.xcconfig"; sourceTree = "<group>"; };
		DA4ABB6917A072E15C8ECA35 /* libPods-MBProgressHUD+ZC.a */ = {isa = PBXFileReference; explicitFileType = archive.ar; includeInIndex = 0; path = "libPods-MBProgressHUD+ZC.a"; sourceTree = BUILT_PRODUCTS_DIR; };
/* End PBXFileReference section */

/* Begin PBXFrameworksBuildPhase section */
		966AAA3119C968190005CB62 /* Frameworks */ = {
			isa = PBXFrameworksBuildPhase;
			buildActionMask = 2147483647;
			files = (
				55E1D9D0094F2183E0FCF492 /* libPods-MBProgressHUD+ZC.a in Frameworks */,
			);
			runOnlyForDeploymentPostprocessing = 0;
		};
		966AAA4A19C968190005CB62 /* Frameworks */ = {
			isa = PBXFrameworksBuildPhase;
			buildActionMask = 2147483647;
			files = (
				4D7CA3802C7231B89721C1BE /* libPods-MBProgressHUD+ZCTests.a in Frameworks */,
			);
			runOnlyForDeploymentPostprocessing = 0;
		};
/* End PBXFrameworksBuildPhase section */

/* Begin PBXGroup section */
		38E385104228A904DC5BD81E /* Pods */ = {
			isa = PBXGroup;
			children = (
				AC1D6BEC62D13EA3060E07EB /* Pods-MBProgressHUD+ZC.debug.xcconfig */,
				7F5B8CEC19C94E6A862EA554 /* Pods-MBProgressHUD+ZC.release.xcconfig */,
				17B53852C45F40CD3E61FA44 /* Pods-MBProgressHUD+ZCTests.debug.xcconfig */,
				BFC661C0C206813B723DC19F /* Pods-MBProgressHUD+ZCTests.release.xcconfig */,
			);
			name = Pods;
			sourceTree = "<group>";
		};
		890D18D83D24302C5375F17B /* Frameworks */ = {
			isa = PBXGroup;
			children = (
				DA4ABB6917A072E15C8ECA35 /* libPods-MBProgressHUD+ZC.a */,
				7FAAF3029CC5C0DEF517CA6F /* libPods-MBProgressHUD+ZCTests.a */,
			);
			name = Frameworks;
			sourceTree = "<group>";
		};
		966AAA2B19C968190005CB62 = {
			isa = PBXGroup;
			children = (
				966AAA3619C968190005CB62 /* MBProgressHUD+ZC */,
				966AAA5019C968190005CB62 /* MBProgressHUD+ZCTests */,
				966AAA3519C968190005CB62 /* Products */,
				38E385104228A904DC5BD81E /* Pods */,
				890D18D83D24302C5375F17B /* Frameworks */,
			);
			sourceTree = "<group>";
		};
		966AAA3519C968190005CB62 /* Products */ = {
			isa = PBXGroup;
			children = (
				966AAA3419C968190005CB62 /* MBProgressHUD+ZC.app */,
				966AAA4D19C968190005CB62 /* MBProgressHUD+ZCTests.xctest */,
			);
			name = Products;
			sourceTree = "<group>";
		};
		966AAA3619C968190005CB62 /* MBProgressHUD+ZC */ = {
			isa = PBXGroup;
			children = (
				966AAA3B19C968190005CB62 /* AppDelegate.h */,
				966AAA3C19C968190005CB62 /* AppDelegate.m */,
				966AAA3E19C968190005CB62 /* ViewController.h */,
				966AAA3F19C968190005CB62 /* ViewController.m */,
				966AAA4119C968190005CB62 /* Main.storyboard */,
				966AAA5D19C969050005CB62 /* MBProgressHUD */,
				966AAA4419C968190005CB62 /* Images.xcassets */,
				966AAA4619C968190005CB62 /* LaunchScreen.xib */,
				966AAA3719C968190005CB62 /* Supporting Files */,
			);
			path = "MBProgressHUD+ZC";
			sourceTree = "<group>";
		};
		966AAA3719C968190005CB62 /* Supporting Files */ = {
			isa = PBXGroup;
			children = (
				966AAA3819C968190005CB62 /* Info.plist */,
				966AAA3919C968190005CB62 /* main.m */,
			);
			name = "Supporting Files";
			sourceTree = "<group>";
		};
		966AAA5019C968190005CB62 /* MBProgressHUD+ZCTests */ = {
			isa = PBXGroup;
			children = (
				966AAA5319C968190005CB62 /* MBProgressHUD_ZCTests.m */,
				966AAA5119C968190005CB62 /* Supporting Files */,
			);
			path = "MBProgressHUD+ZCTests";
			sourceTree = "<group>";
		};
		966AAA5119C968190005CB62 /* Supporting Files */ = {
			isa = PBXGroup;
			children = (
				966AAA5219C968190005CB62 /* Info.plist */,
			);
			name = "Supporting Files";
			sourceTree = "<group>";
		};
		966AAA5D19C969050005CB62 /* MBProgressHUD */ = {
			isa = PBXGroup;
			children = (
				966AAA5E19C969050005CB62 /* MBProgressHUD+ZC.h */,
				966AAA5F19C969050005CB62 /* MBProgressHUD+ZC.m */,
				966AAA6019C969050005CB62 /* MBProgressHUD.bundle */,
				966AAA6119C969050005CB62 /* MBProgressHUD.h */,
				966AAA6219C969050005CB62 /* MBProgressHUD.m */,
			);
			path = MBProgressHUD;
			sourceTree = "<group>";
		};
/* End PBXGroup section */

/* Begin PBXNativeTarget section */
		966AAA3319C968190005CB62 /* MBProgressHUD+ZC */ = {
			isa = PBXNativeTarget;
			buildConfigurationList = 966AAA5719C968190005CB62 /* Build configuration list for PBXNativeTarget "MBProgressHUD+ZC" */;
			buildPhases = (
				F8D0F7E892002B24D607C7EA /* [CP] Check Pods Manifest.lock */,
				966AAA3019C968190005CB62 /* Sources */,
				966AAA3119C968190005CB62 /* Frameworks */,
				966AAA3219C968190005CB62 /* Resources */,
				7463B40C0F2A61B35D765604 /* [CP] Embed Pods Frameworks */,
				09551FBA4A34617842DCB9F3 /* [CP] Copy Pods Resources */,
			);
			buildRules = (
			);
			dependencies = (
			);
			name = "MBProgressHUD+ZC";
			productName = "MBProgressHUD+ZC";
			productReference = 966AAA3419C968190005CB62 /* MBProgressHUD+ZC.app */;
			productType = "com.apple.product-type.application";
		};
		966AAA4C19C968190005CB62 /* MBProgressHUD+ZCTests */ = {
			isa = PBXNativeTarget;
			buildConfigurationList = 966AAA5A19C968190005CB62 /* Build configuration list for PBXNativeTarget "MBProgressHUD+ZCTests" */;
			buildPhases = (
				88518DBAFFE7B502A771FCC6 /* [CP] Check Pods Manifest.lock */,
				966AAA4919C968190005CB62 /* Sources */,
				966AAA4A19C968190005CB62 /* Frameworks */,
				966AAA4B19C968190005CB62 /* Resources */,
				C0F42409F4138DBDD65C31BC /* [CP] Embed Pods Frameworks */,
				D31C78CCD95C7E0404EE8765 /* [CP] Copy Pods Resources */,
			);
			buildRules = (
			);
			dependencies = (
				966AAA4F19C968190005CB62 /* PBXTargetDependency */,
			);
			name = "MBProgressHUD+ZCTests";
			productName = "MBProgressHUD+ZCTests";
			productReference = 966AAA4D19C968190005CB62 /* MBProgressHUD+ZCTests.xctest */;
			productType = "com.apple.product-type.bundle.unit-test";
		};
/* End PBXNativeTarget section */

/* Begin PBXProject section */
		966AAA2C19C968190005CB62 /* Project object */ = {
			isa = PBXProject;
			attributes = {
				LastUpgradeCheck = 0600;
				ORGANIZATIONNAME = JasonDigitalStudio;
				TargetAttributes = {
					966AAA3319C968190005CB62 = {
						CreatedOnToolsVersion = 6.0;
					};
					966AAA4C19C968190005CB62 = {
						CreatedOnToolsVersion = 6.0;
						TestTargetID = 966AAA3319C968190005CB62;
					};
				};
			};
			buildConfigurationList = 966AAA2F19C968190005CB62 /* Build configuration list for PBXProject "MBProgressHUD+ZC" */;
			compatibilityVersion = "Xcode 3.2";
			developmentRegion = English;
			hasScannedForEncodings = 0;
			knownRegions = (
				en,
				Base,
			);
			mainGroup = 966AAA2B19C968190005CB62;
			productRefGroup = 966AAA3519C968190005CB62 /* Products */;
			projectDirPath = "";
			projectRoot = "";
			targets = (
				966AAA3319C968190005CB62 /* MBProgressHUD+ZC */,
				966AAA4C19C968190005CB62 /* MBProgressHUD+ZCTests */,
			);
		};
/* End PBXProject section */

/* Begin PBXResourcesBuildPhase section */
		966AAA3219C968190005CB62 /* Resources */ = {
			isa = PBXResourcesBuildPhase;
			buildActionMask = 2147483647;
			files = (
				966AAA4319C968190005CB62 /* Main.storyboard in Resources */,
				966AAA6419C969050005CB62 /* MBProgressHUD.bundle in Resources */,
				966AAA4819C968190005CB62 /* LaunchScreen.xib in Resources */,
				966AAA4519C968190005CB62 /* Images.xcassets in Resources */,
			);
			runOnlyForDeploymentPostprocessing = 0;
		};
		966AAA4B19C968190005CB62 /* Resources */ = {
			isa = PBXResourcesBuildPhase;
			buildActionMask = 2147483647;
			files = (
			);
			runOnlyForDeploymentPostprocessing = 0;
		};
/* End PBXResourcesBuildPhase section */

/* Begin PBXShellScriptBuildPhase section */
		09551FBA4A34617842DCB9F3 /* [CP] Copy Pods Resources */ = {
			isa = PBXShellScriptBuildPhase;
			buildActionMask = 2147483647;
			files = (
			);
			inputPaths = (
			);
			name = "[CP] Copy Pods Resources";
			outputPaths = (
			);
			runOnlyForDeploymentPostprocessing = 0;
			shellPath = /bin/sh;
			shellScript = "\"${SRCROOT}/Pods/Target Support Files/Pods-MBProgressHUD+ZC/Pods-MBProgressHUD+ZC-resources.sh\"\n";
			showEnvVarsInLog = 0;
		};
		7463B40C0F2A61B35D765604 /* [CP] Embed Pods Frameworks */ = {
			isa = PBXShellScriptBuildPhase;
			buildActionMask = 2147483647;
			files = (
			);
			inputPaths = (
			);
			name = "[CP] Embed Pods Frameworks";
			outputPaths = (
			);
			runOnlyForDeploymentPostprocessing = 0;
			shellPath = /bin/sh;
			shellScript = "\"${SRCROOT}/Pods/Target Support Files/Pods-MBProgressHUD+ZC/Pods-MBProgressHUD+ZC-frameworks.sh\"\n";
			showEnvVarsInLog = 0;
		};
		88518DBAFFE7B502A771FCC6 /* [CP] Check Pods Manifest.lock */ = {
			isa = PBXShellScriptBuildPhase;
			buildActionMask = 2147483647;
			files = (
			);
			inputPaths = (
			);
			name = "[CP] Check Pods Manifest.lock";
			outputPaths = (
			);
			runOnlyForDeploymentPostprocessing = 0;
			shellPath = /bin/sh;
			shellScript = "diff \"${PODS_ROOT}/../Podfile.lock\" \"${PODS_ROOT}/Manifest.lock\" > /dev/null\nif [ $? != 0 ] ; then\n    # print error to STDERR\n    echo \"error: The sandbox is not in sync with the Podfile.lock. Run 'pod install' or update your CocoaPods installation.\" >&2\n    exit 1\nfi\n";
			showEnvVarsInLog = 0;
		};
		C0F42409F4138DBDD65C31BC /* [CP] Embed Pods Frameworks */ = {
			isa = PBXShellScriptBuildPhase;
			buildActionMask = 2147483647;
			files = (
			);
			inputPaths = (
			);
			name = "[CP] Embed Pods Frameworks";
			outputPaths = (
			);
			runOnlyForDeploymentPostprocessing = 0;
			shellPath = /bin/sh;
			shellScript = "\"${SRCROOT}/Pods/Target Support Files/Pods-MBProgressHUD+ZCTests/Pods-MBProgressHUD+ZCTests-frameworks.sh\"\n";
			showEnvVarsInLog = 0;
		};
		D31C78CCD95C7E0404EE8765 /* [CP] Copy Pods Resources */ = {
			isa = PBXShellScriptBuildPhase;
			buildActionMask = 2147483647;
			files = (
			);
			inputPaths = (
			);
			name = "[CP] Copy Pods Resources";
			outputPaths = (
			);
			runOnlyForDeploymentPostprocessing = 0;
			shellPath = /bin/sh;
			shellScript = "\"${SRCROOT}/Pods/Target Support Files/Pods-MBProgressHUD+ZCTests/Pods-MBProgressHUD+ZCTests-resources.sh\"\n";
			showEnvVarsInLog = 0;
		};
		F8D0F7E892002B24D607C7EA /* [CP] Check Pods Manifest.lock */ = {
			isa = PBXShellScriptBuildPhase;
			buildActionMask = 2147483647;
			files = (
			);
			inputPaths = (
			);
			name = "[CP] Check Pods Manifest.lock";
			outputPaths = (
			);
			runOnlyForDeploymentPostprocessing = 0;
			shellPath = /bin/sh;
			shellScript = "diff \"${PODS_ROOT}/../Podfile.lock\" \"${PODS_ROOT}/Manifest.lock\" > /dev/null\nif [ $? != 0 ] ; then\n    # print error to STDERR\n    echo \"error: The sandbox is not in sync with the Podfile.lock. Run 'pod install' or update your CocoaPods installation.\" >&2\n    exit 1\nfi\n";
			showEnvVarsInLog = 0;
		};
/* End PBXShellScriptBuildPhase section */

/* Begin PBXSourcesBuildPhase section */
		966AAA3019C968190005CB62 /* Sources */ = {
			isa = PBXSourcesBuildPhase;
			buildActionMask = 2147483647;
			files = (
				966AAA4019C968190005CB62 /* ViewController.m in Sources */,
				966AAA3D19C968190005CB62 /* AppDelegate.m in Sources */,
				966AAA6519C969050005CB62 /* MBProgressHUD.m in Sources */,
				966AAA6319C969050005CB62 /* MBProgressHUD+ZC.m in Sources */,
				966AAA3A19C968190005CB62 /* main.m in Sources */,
			);
			runOnlyForDeploymentPostprocessing = 0;
		};
		966AAA4919C968190005CB62 /* Sources */ = {
			isa = PBXSourcesBuildPhase;
			buildActionMask = 2147483647;
			files = (
				966AAA5419C968190005CB62 /* MBProgressHUD_ZCTests.m in Sources */,
			);
			runOnlyForDeploymentPostprocessing = 0;
		};
/* End PBXSourcesBuildPhase section */

/* Begin PBXTargetDependency section */
		966AAA4F19C968190005CB62 /* PBXTargetDependency */ = {
			isa = PBXTargetDependency;
			target = 966AAA3319C968190005CB62 /* MBProgressHUD+ZC */;
			targetProxy = 966AAA4E19C968190005CB62 /* PBXContainerItemProxy */;
		};
/* End PBXTargetDependency section */

/* Begin PBXVariantGroup section */
		966AAA4119C968190005CB62 /* Main.storyboard */ = {
			isa = PBXVariantGroup;
			children = (
				966AAA4219C968190005CB62 /* Base */,
			);
			name = Main.storyboard;
			sourceTree = "<group>";
		};
		966AAA4619C968190005CB62 /* LaunchScreen.xib */ = {
			isa = PBXVariantGroup;
			children = (
				966AAA4719C968190005CB62 /* Base */,
			);
			name = LaunchScreen.xib;
			sourceTree = "<group>";
		};
/* End PBXVariantGroup section */

/* Begin XCBuildConfiguration section */
		966AAA5519C968190005CB62 /* Debug */ = {
			isa = XCBuildConfiguration;
			buildSettings = {
				ALWAYS_SEARCH_USER_PATHS = NO;
				CLANG_CXX_LANGUAGE_STANDARD = "gnu++0x";
				CLANG_CXX_LIBRARY = "libc++";
				CLANG_ENABLE_MODULES = YES;
				CLANG_ENABLE_OBJC_ARC = YES;
				CLANG_WARN_BOOL_CONVERSION = YES;
				CLANG_WARN_CONSTANT_CONVERSION = YES;
				CLANG_WARN_DIRECT_OBJC_ISA_USAGE = YES_ERROR;
				CLANG_WARN_EMPTY_BODY = YES;
				CLANG_WARN_ENUM_CONVERSION = YES;
				CLANG_WARN_INT_CONVERSION = YES;
				CLANG_WARN_OBJC_ROOT_CLASS = YES_ERROR;
				CLANG_WARN_UNREACHABLE_CODE = YES;
				CLANG_WARN__DUPLICATE_METHOD_MATCH = YES;
				"CODE_SIGN_IDENTITY[sdk=iphoneos*]" = "iPhone Developer";
				COPY_PHASE_STRIP = NO;
				ENABLE_STRICT_OBJC_MSGSEND = YES;
				GCC_C_LANGUAGE_STANDARD = gnu99;
				GCC_DYNAMIC_NO_PIC = NO;
				GCC_OPTIMIZATION_LEVEL = 0;
				GCC_PREPROCESSOR_DEFINITIONS = (
					"DEBUG=1",
					"$(inherited)",
				);
				GCC_SYMBOLS_PRIVATE_EXTERN = NO;
				GCC_WARN_64_TO_32_BIT_CONVERSION = YES;
				GCC_WARN_ABOUT_RETURN_TYPE = YES_ERROR;
				GCC_WARN_UNDECLARED_SELECTOR = YES;
				GCC_WARN_UNINITIALIZED_AUTOS = YES_AGGRESSIVE;
				GCC_WARN_UNUSED_FUNCTION = YES;
				GCC_WARN_UNUSED_VARIABLE = YES;
				IPHONEOS_DEPLOYMENT_TARGET = 8.0;
				MTL_ENABLE_DEBUG_INFO = YES;
				ONLY_ACTIVE_ARCH = YES;
				SDKROOT = iphoneos;
			};
			name = Debug;
		};
		966AAA5619C968190005CB62 /* Release */ = {
			isa = XCBuildConfiguration;
			buildSettings = {
				ALWAYS_SEARCH_USER_PATHS = NO;
				CLANG_CXX_LANGUAGE_STANDARD = "gnu++0x";
				CLANG_CXX_LIBRARY = "libc++";
				CLANG_ENABLE_MODULES = YES;
				CLANG_ENABLE_OBJC_ARC = YES;
				CLANG_WARN_BOOL_CONVERSION = YES;
				CLANG_WARN_CONSTANT_CONVERSION = YES;
				CLANG_WARN_DIRECT_OBJC_ISA_USAGE = YES_ERROR;
				CLANG_WARN_EMPTY_BODY = YES;
				CLANG_WARN_ENUM_CONVERSION = YES;
				CLANG_WARN_INT_CONVERSION = YES;
				CLANG_WARN_OBJC_ROOT_CLASS = YES_ERROR;
				CLANG_WARN_UNREACHABLE_CODE = YES;
				CLANG_WARN__DUPLICATE_METHOD_MATCH = YES;
				"CODE_SIGN_IDENTITY[sdk=iphoneos*]" = "iPhone Developer";
				COPY_PHASE_STRIP = YES;
				ENABLE_NS_ASSERTIONS = NO;
				ENABLE_STRICT_OBJC_MSGSEND = YES;
				GCC_C_LANGUAGE_STANDARD = gnu99;
				GCC_WARN_64_TO_32_BIT_CONVERSION = YES;
				GCC_WARN_ABOUT_RETURN_TYPE = YES_ERROR;
				GCC_WARN_UNDECLARED_SELECTOR = YES;
				GCC_WARN_UNINITIALIZED_AUTOS = YES_AGGRESSIVE;
				GCC_WARN_UNUSED_FUNCTION = YES;
				GCC_WARN_UNUSED_VARIABLE = YES;
				IPHONEOS_DEPLOYMENT_TARGET = 8.0;
				MTL_ENABLE_DEBUG_INFO = NO;
				SDKROOT = iphoneos;
				VALIDATE_PRODUCT = YES;
			};
			name = Release;
		};
		966AAA5819C968190005CB62 /* Debug */ = {
			isa = XCBuildConfiguration;
			baseConfigurationReference = AC1D6BEC62D13EA3060E07EB /* Pods-MBProgressHUD+ZC.debug.xcconfig */;
			buildSettings = {
				ASSETCATALOG_COMPILER_APPICON_NAME = AppIcon;
				INFOPLIST_FILE = "MBProgressHUD+ZC/Info.plist";
				IPHONEOS_DEPLOYMENT_TARGET = 7.0;
				LD_RUNPATH_SEARCH_PATHS = "$(inherited) @executable_path/Frameworks";
				PRODUCT_NAME = "$(TARGET_NAME)";
				TARGETED_DEVICE_FAMILY = "1,2";
			};
			name = Debug;
		};
		966AAA5919C968190005CB62 /* Release */ = {
			isa = XCBuildConfiguration;
			baseConfigurationReference = 7F5B8CEC19C94E6A862EA554 /* Pods-MBProgressHUD+ZC.release.xcconfig */;
			buildSettings = {
				ASSETCATALOG_COMPILER_APPICON_NAME = AppIcon;
				INFOPLIST_FILE = "MBProgressHUD+ZC/Info.plist";
				IPHONEOS_DEPLOYMENT_TARGET = 7.0;
				LD_RUNPATH_SEARCH_PATHS = "$(inherited) @executable_path/Frameworks";
				PRODUCT_NAME = "$(TARGET_NAME)";
				TARGETED_DEVICE_FAMILY = "1,2";
			};
			name = Release;
		};
		966AAA5B19C968190005CB62 /* Debug */ = {
			isa = XCBuildConfiguration;
			baseConfigurationReference = 17B53852C45F40CD3E61FA44 /* Pods-MBProgressHUD+ZCTests.debug.xcconfig */;
			buildSettings = {
				BUNDLE_LOADER = "$(TEST_HOST)";
				FRAMEWORK_SEARCH_PATHS = (
					"$(SDKROOT)/Developer/Library/Frameworks",
					"$(inherited)",
				);
				GCC_PREPROCESSOR_DEFINITIONS = (
					"DEBUG=1",
					"$(inherited)",
				);
				INFOPLIST_FILE = "MBProgressHUD+ZCTests/Info.plist";
				LD_RUNPATH_SEARCH_PATHS = "$(inherited) @executable_path/Frameworks @loader_path/Frameworks";
				PRODUCT_NAME = "$(TARGET_NAME)";
				TEST_HOST = "$(BUILT_PRODUCTS_DIR)/MBProgressHUD+ZC.app/MBProgressHUD+ZC";
			};
			name = Debug;
		};
		966AAA5C19C968190005CB62 /* Release */ = {
			isa = XCBuildConfiguration;
			baseConfigurationReference = BFC661C0C206813B723DC19F /* Pods-MBProgressHUD+ZCTests.release.xcconfig */;
			buildSettings = {
				BUNDLE_LOADER = "$(TEST_HOST)";
				FRAMEWORK_SEARCH_PATHS = (
					"$(SDKROOT)/Developer/Library/Frameworks",
					"$(inherited)",
				);
				INFOPLIST_FILE = "MBProgressHUD+ZCTests/Info.plist";
				LD_RUNPATH_SEARCH_PATHS = "$(inherited) @executable_path/Frameworks @loader_path/Frameworks";
				PRODUCT_NAME = "$(TARGET_NAME)";
				TEST_HOST = "$(BUILT_PRODUCTS_DIR)/MBProgressHUD+ZC.app/MBProgressHUD+ZC";
			};
			name = Release;
		};
/* End XCBuildConfiguration section */

/* Begin XCConfigurationList section */
		966AAA2F19C968190005CB62 /* Build configuration list for PBXProject "MBProgressHUD+ZC" */ = {
			isa = XCConfigurationList;
			buildConfigurations = (
				966AAA5519C968190005CB62 /* Debug */,
				966AAA5619C968190005CB62 /* Release */,
			);
			defaultConfigurationIsVisible = 0;
			defaultConfigurationName = Release;
		};
		966AAA5719C968190005CB62 /* Build configuration list for PBXNativeTarget "MBProgressHUD+ZC" */ = {
			isa = XCConfigurationList;
			buildConfigurations = (
				966AAA5819C968190005CB62 /* Debug */,
				966AAA5919C968190005CB62 /* Release */,
			);
			defaultConfigurationIsVisible = 0;
		};
		966AAA5A19C968190005CB62 /* Build configuration list for PBXNativeTarget "MBProgressHUD+ZCTests" */ = {
			isa = XCConfigurationList;
			buildConfigurations = (
				966AAA5B19C968190005CB62 /* Debug */,
				966AAA5C19C968190005CB62 /* Release */,
			);
			defaultConfigurationIsVisible = 0;
		};
/* End XCConfigurationList section */
	};
	rootObject = 966AAA2C19C968190005CB62 /* Project object */;
}
